
Microsoft Visual Studio Solution File, Format Version 12.00
# Visual Studio 15
VisualStudioVersion = 15.0.26730.16
MinimumVisualStudioVersion = 10.0.40219.1
Project("{8BC9CEB8-8B4A-11D0-8D11-00A0C91BC942}") = "carpool", "carpool\carpool.vcxproj", "{FBA9EEDD-9C57-4508-B2A1-A9F0827B3F1C}"
EndProject
Global
	GlobalSection(SolutionConfigurationPlatforms) = preSolution
		Debug|x64 = Debug|x64
		Debug|x86 = Debug|x86
		Release|x64 = Release|x64
		Release|x86 = Release|x86
	EndGlobalSection
	GlobalSection(ProjectConfigurationPlatforms) = postSolution
		{FBA9EEDD-9C57-4508-B2A1-A9F0827B3F1C}.Debug|x64.ActiveCfg = Debug|x64
		{FBA9EEDD-9C57-4508-B2A1-A9F0827B3F1C}.Debug|x64.Build.0 = Debug|x64
		{FBA9EEDD-9C57-4508-B2A1-A9F0827B3F1C}.Debug|x86.ActiveCfg = Debug|Win32
		{FBA9EEDD-9C57-4508-B2A1-A9F0827B3F1C}.Debug|x86.Build.0 = Debug|Win32
		{FBA9EEDD-9C57-4508-B2A1-A9F0827B3F1C}.Release|x64.ActiveCfg = Release|x64
		{FBA9EEDD-9C57-4508-B2A1-A9F0827B3F1C}.Release|x64.Build.0 = Release|x64
		{FBA9EEDD-9C57-4508-B2A1-A9F0827B3F1C}.Release|x86.ActiveCfg = Release|Win32
		{FBA9EEDD-9C57-4508-B2A1-A9F0827B3F1C}.Release|x86.Build.0 = Release|Win32
	EndGlobalSection
	GlobalSection(SolutionProperties) = preSolution
		HideSolutionNode = FALSE
	EndGlobalSection
	GlobalSection(ExtensibilityGlobals) = postSolution
		SolutionGuid = {6275BD9D-0D0B-4C85-9638-FC34ED3157C0}
	EndGlobalSection
EndGlobal
